
Microsoft Visual Studio Solution File, Format Version 12.00
# Visual Studio 15
VisualStudioVersion = 15.0.28307.421
MinimumVisualStudioVersion = 10.0.40219.1
Project("{FAE04EC0-301F-11D3-BF4B-00C04F79EFBC}") = "OrderManageWF", "OrderManageWF\OrderManageWF.csproj", "{71213973-07AB-4DDA-A57D-283C4F70C679}"
EndProject
Global
	GlobalSection(SolutionConfigurationPlatforms) = preSolution
		Debug|Any CPU = Debug|Any CPU
		Release|Any CPU = Release|Any CPU
	EndGlobalSection
	GlobalSection(ProjectConfigurationPlatforms) = postSolution
		{71213973-07AB-4DDA-A57D-283C4F70C679}.Debug|Any CPU.ActiveCfg = Debug|Any CPU
		{71213973-07AB-4DDA-A57D-283C4F70C679}.Debug|Any CPU.Build.0 = Debug|Any CPU
		{71213973-07AB-4DDA-A57D-283C4F70C679}.Release|Any CPU.ActiveCfg = Release|Any CPU
		{71213973-07AB-4DDA-A57D-283C4F70C679}.Release|Any CPU.Build.0 = Release|Any CPU
	EndGlobalSection
	GlobalSection(SolutionProperties) = preSolution
		HideSolutionNode = FALSE
	EndGlobalSection
	GlobalSection(ExtensibilityGlobals) = postSolution
		SolutionGuid = {363CFD00-A32F-4C42-BBDD-8E6B4680C069}
	EndGlobalSection
EndGlobal
